
Microsoft Visual Studio Solution File, Format Version 12.00
# Visual Studio Version 16
VisualStudioVersion = 16.0.29001.49
MinimumVisualStudioVersion = 10.0.40219.1
Project("{FAE04EC0-301F-11D3-BF4B-00C04F79EFBC}") = "Deliverable_one", "Deliverable_one\Deliverable_one.csproj", "{893E5DCF-7451-4589-8AFD-C538C2BF74F9}"
EndProject
Global
	GlobalSection(SolutionConfigurationPlatforms) = preSolution
		Debug|Any CPU = Debug|Any CPU
		Release|Any CPU = Release|Any CPU
	EndGlobalSection
	GlobalSection(ProjectConfigurationPlatforms) = postSolution
		{893E5DCF-7451-4589-8AFD-C538C2BF74F9}.Debug|Any CPU.ActiveCfg = Debug|Any CPU
		{893E5DCF-7451-4589-8AFD-C538C2BF74F9}.Debug|Any CPU.Build.0 = Debug|Any CPU
		{893E5DCF-7451-4589-8AFD-C538C2BF74F9}.Release|Any CPU.ActiveCfg = Release|Any CPU
		{893E5DCF-7451-4589-8AFD-C538C2BF74F9}.Release|Any CPU.Build.0 = Release|Any CPU
	EndGlobalSection
	GlobalSection(SolutionProperties) = preSolution
		HideSolutionNode = FALSE
	EndGlobalSection
	GlobalSection(ExtensibilityGlobals) = postSolution
		SolutionGuid = {A252B7C3-18B0-49B0-A8C1-52DD19CFA664}
	EndGlobalSection
EndGlobal
